
Microsoft Visual Studio Solution File, Format Version 12.00
# Visual Studio 15
VisualStudioVersion = 15.0.28307.329
MinimumVisualStudioVersion = 10.0.40219.1
Project("{FAE04EC0-301F-11D3-BF4B-00C04F79EFBC}") = "Farmers Field UI", "Farmers Field UI\Farmers Field UI.csproj", "{834843F7-A175-412A-A6E9-540403E5247F}"
EndProject
Global
	GlobalSection(SolutionConfigurationPlatforms) = preSolution
		Debug|Any CPU = Debug|Any CPU
		Release|Any CPU = Release|Any CPU
	EndGlobalSection
	GlobalSection(ProjectConfigurationPlatforms) = postSolution
		{834843F7-A175-412A-A6E9-540403E5247F}.Debug|Any CPU.ActiveCfg = Debug|Any CPU
		{834843F7-A175-412A-A6E9-540403E5247F}.Debug|Any CPU.Build.0 = Debug|Any CPU
		{834843F7-A175-412A-A6E9-540403E5247F}.Release|Any CPU.ActiveCfg = Release|Any CPU
		{834843F7-A175-412A-A6E9-540403E5247F}.Release|Any CPU.Build.0 = Release|Any CPU
	EndGlobalSection
	GlobalSection(SolutionProperties) = preSolution
		HideSolutionNode = FALSE
	EndGlobalSection
	GlobalSection(ExtensibilityGlobals) = postSolution
		SolutionGuid = {6CC39CE6-E100-4AA6-9486-882F852E12AA}
	EndGlobalSection
EndGlobal
